<?xml version="1.0" encoding="utf-8"?>
<Project ToolsVersion="4.0" xmlns="http://schemas.microsoft.com/developer/msbuild/2003">
  <ItemGroup>
    <Filter Include="Source Files">
      <UniqueIdentifier>{1cfbbcda-6794-49a1-b5e3-ca554739bfdb}</UniqueIdentifier>
      <Extensions>cpp;c;cxx;def;odl;idl;hpj;bat;asm</Extensions>
    </Filter>
    <Filter Include="Header Files">
      <UniqueIdentifier>{b0a2d6a8-c3de-4f72-98d9-182efd27a71f}</UniqueIdentifier>
      <Extensions>h;hpp;hxx;hm;inl;inc</Extensions>
    </Filter>
    <Filter Include="Resource Files">
      <UniqueIdentifier>{ebe9debd-00cc-4a47-96fb-112a78c66dd5}</UniqueIdentifier>
      <Extensions>rc;ico;cur;bmp;dlg;rc2;rct;bin;rgs;jpg;jpeg;jpe;manifest</Extensions>
    </Filter>
    <Filter Include="SoUI Resouece">
      <UniqueIdentifier>{18d34600-123f-413f-93ea-9702c7bf7196}</UniqueIdentifier>
      <Extensions>idx;xml;png;gif;jpg;ico;lua;bmp</Extensions>
    </Filter>
  </ItemGroup>
  <ItemGroup>
    <Text Include="license.txt" />
    <Text Include="readme.txt" />
  </ItemGroup>
  <ItemGroup>
    <ClCompile Include="ECharts In Soui with MiniBlink.cpp">
      <Filter>Source Files</Filter>
    </ClCompile>
    <ClCompile Include="MainDlg.cpp">
      <Filter>Source Files</Filter>
    </ClCompile>
    <ClCompile Include="stdafx.cpp">
      <Filter>Source Files</Filter>
    </ClCompile>
    <ClCompile Include="controls\SMiniBlink.cpp">
      <Filter>Source Files</Filter>
    </ClCompile>
  </ItemGroup>
  <ItemGroup>
    <ResourceCompile Include="ECharts In Soui with MiniBlink.rc">
      <Filter>Resource Files</Filter>
    </ResourceCompile>
  </ItemGroup>
  <ItemGroup>
    <ClInclude Include="MainDlg.h">
      <Filter>Header Files</Filter>
    </ClInclude>
    <ClInclude Include="resource.h">
      <Filter>Header Files</Filter>
    </ClInclude>
    <ClInclude Include="stdafx.h">
      <Filter>Header Files</Filter>
    </ClInclude>
    <ClInclude Include="controls\SMiniBlink.h">
      <Filter>Header Files</Filter>
    </ClInclude>
  </ItemGroup>
  <ItemGroup>
    <None Include="res\soui_res.rc2">
      <Filter>Resource Files</Filter>
    </None>
  </ItemGroup>
  <ItemGroup>
    <Xml Include="uires\uidef\init.xml">
      <Filter>SoUI Resouece</Filter>
    </Xml>
    <Xml Include="uires\values\color.xml">
      <Filter>SoUI Resouece</Filter>
    </Xml>
    <Xml Include="uires\values\skin.xml">
      <Filter>SoUI Resouece</Filter>
    </Xml>
    <Xml Include="uires\values\string.xml">
      <Filter>SoUI Resouece</Filter>
    </Xml>
    <Xml Include="uires\xml\dlg_main.xml">
      <Filter>SoUI Resouece</Filter>
    </Xml>
  </ItemGroup>
  <ItemGroup>
    <Image Include="uires\image\soui.ico">
      <Filter>SoUI Resouece</Filter>
    </Image>
  </ItemGroup>
  <ItemGroup>
    <CustomBuild Include="uires\uires.idx">
      <Filter>SoUI Resouece</Filter>
    </CustomBuild>
  </ItemGroup>
</Project>